
Microsoft Visual Studio Solution File, Format Version 12.00
# Visual Studio 2012
Project("{FAE04EC0-301F-11D3-BF4B-00C04F79EFBC}") = "d227_client", "d227_client\d227_client.csproj", "{5BEC5FB1-7E2E-4655-8CD8-F62B91E8D28D}"
EndProject
Global
	GlobalSection(SolutionConfigurationPlatforms) = preSolution
		Debug|Any CPU = Debug|Any CPU
		Release|Any CPU = Release|Any CPU
	EndGlobalSection
	GlobalSection(ProjectConfigurationPlatforms) = postSolution
		{5BEC5FB1-7E2E-4655-8CD8-F62B91E8D28D}.Debug|Any CPU.ActiveCfg = Debug|Any CPU
		{5BEC5FB1-7E2E-4655-8CD8-F62B91E8D28D}.Debug|Any CPU.Build.0 = Debug|Any CPU
		{5BEC5FB1-7E2E-4655-8CD8-F62B91E8D28D}.Release|Any CPU.ActiveCfg = Release|Any CPU
		{5BEC5FB1-7E2E-4655-8CD8-F62B91E8D28D}.Release|Any CPU.Build.0 = Release|Any CPU
	EndGlobalSection
	GlobalSection(SolutionProperties) = preSolution
		HideSolutionNode = FALSE
	EndGlobalSection
EndGlobal
